// !$*UTF8*$!
{
	archiveVersion = 1;
	classes = {
	};
	objectVersion = 56;
	objects = {

/* Begin PBXBuildFile section */
		86BC16F22A0D329F00938BFC /* AppDelegate.swift in Sources */ = {isa = PBXBuildFile; fileRef = 86BC16F12A0D329F00938BFC /* AppDelegate.swift */; };
		86BC16F42A0D329F00938BFC /* SceneDelegate.swift in Sources */ = {isa = PBXBuildFile; fileRef = 86BC16F32A0D329F00938BFC /* SceneDelegate.swift */; };
		86BC16F62A0D329F00938BFC /* ViewController.swift in Sources */ = {isa = PBXBuildFile; fileRef = 86BC16F52A0D329F00938BFC /* ViewController.swift */; };
		86BC16F92A0D329F00938BFC /* Main.storyboard in Resources */ = {isa = PBXBuildFile; fileRef = 86BC16F72A0D329F00938BFC /* Main.storyboard */; };
		86BC16FB2A0D32A000938BFC /* Assets.xcassets in Resources */ = {isa = PBXBuildFile; fileRef = 86BC16FA2A0D32A000938BFC /* Assets.xcassets */; };
		86BC16FE2A0D32A000938BFC /* LaunchScreen.storyboard in Resources */ = {isa = PBXBuildFile; fileRef = 86BC16FC2A0D32A000938BFC /* LaunchScreen.storyboard */; };
		86BC17132A0D332200938BFC /* PersonTest.swift in Sources */ = {isa = PBXBuildFile; fileRef = 86BC17122A0D332200938BFC /* PersonTest.swift */; };
		86BC17152A0D33CE00938BFC /* Person.swift in Sources */ = {isa = PBXBuildFile; fileRef = 86BC17142A0D33CE00938BFC /* Person.swift */; };
/* End PBXBuildFile section */

/* Begin PBXContainerItemProxy section */
		86BC170D2A0D32BA00938BFC /* PBXContainerItemProxy */ = {
			isa = PBXContainerItemProxy;
			containerPortal = 86BC16E62A0D329F00938BFC /* Project object */;
			proxyType = 1;
			remoteGlobalIDString = 86BC16ED2A0D329F00938BFC;
			remoteInfo = "TDD Model Objects Lab";
		};
/* End PBXContainerItemProxy section */

/* Begin PBXFileReference section */
		86BC16EE2A0D329F00938BFC /* TDD Model Objects Lab.app */ = {isa = PBXFileReference; explicitFileType = wrapper.application; includeInIndex = 0; path = "TDD Model Objects Lab.app"; sourceTree = BUILT_PRODUCTS_DIR; };
		86BC16F12A0D329F00938BFC /* AppDelegate.swift */ = {isa = PBXFileReference; lastKnownFileType = sourcecode.swift; path = AppDelegate.swift; sourceTree = "<group>"; };
		86BC16F32A0D329F00938BFC /* SceneDelegate.swift */ = {isa = PBXFileReference; lastKnownFileType = sourcecode.swift; path = SceneDelegate.swift; sourceTree = "<group>"; };
		86BC16F52A0D329F00938BFC /* ViewController.swift */ = {isa = PBXFileReference; lastKnownFileType = sourcecode.swift; path = ViewController.swift; sourceTree = "<group>"; };
		86BC16F82A0D329F00938BFC /* Base */ = {isa = PBXFileReference; lastKnownFileType = file.storyboard; name = Base; path = Base.lproj/Main.storyboard; sourceTree = "<group>"; };
		86BC16FA2A0D32A000938BFC /* Assets.xcassets */ = {isa = PBXFileReference; lastKnownFileType = folder.assetcatalog; path = Assets.xcassets; sourceTree = "<group>"; };
		86BC16FD2A0D32A000938BFC /* Base */ = {isa = PBXFileReference; lastKnownFileType = file.storyboard; name = Base; path = Base.lproj/LaunchScreen.storyboard; sourceTree = "<group>"; };
		86BC16FF2A0D32A000938BFC /* Info.plist */ = {isa = PBXFileReference; lastKnownFileType = text.plist.xml; path = Info.plist; sourceTree = "<group>"; };
		86BC17092A0D32BA00938BFC /* TDD Model Objects Lab Tests.xctest */ = {isa = PBXFileReference; explicitFileType = wrapper.cfbundle; includeInIndex = 0; path = "TDD Model Objects Lab Tests.xctest"; sourceTree = BUILT_PRODUCTS_DIR; };
		86BC17122A0D332200938BFC /* PersonTest.swift */ = {isa = PBXFileReference; lastKnownFileType = sourcecode.swift; path = PersonTest.swift; sourceTree = SOURCE_ROOT; };
		86BC17142A0D33CE00938BFC /* Person.swift */ = {isa = PBXFileReference; lastKnownFileType = sourcecode.swift; path = Person.swift; sourceTree = SOURCE_ROOT; };
/* End PBXFileReference section */

/* Begin PBXFrameworksBuildPhase section */
		86BC16EB2A0D329F00938BFC /* Frameworks */ = {
			isa = PBXFrameworksBuildPhase;
			buildActionMask = 2147483647;
			files = (
			);
			runOnlyForDeploymentPostprocessing = 0;
		};
		86BC17062A0D32BA00938BFC /* Frameworks */ = {
			isa = PBXFrameworksBuildPhase;
			buildActionMask = 2147483647;
			files = (
			);
			runOnlyForDeploymentPostprocessing = 0;
		};
/* End PBXFrameworksBuildPhase section */

/* Begin PBXGroup section */
		86BC16E52A0D329F00938BFC = {
			isa = PBXGroup;
			children = (
				86BC16F02A0D329F00938BFC /* TDD Model Objects Lab */,
				86BC170A2A0D32BA00938BFC /* TDD Model Objects Lab Tests */,
				86BC16EF2A0D329F00938BFC /* Products */,
			);
			sourceTree = "<group>";
		};
		86BC16EF2A0D329F00938BFC /* Products */ = {
			isa = PBXGroup;
			children = (
				86BC16EE2A0D329F00938BFC /* TDD Model Objects Lab.app */,
				86BC17092A0D32BA00938BFC /* TDD Model Objects Lab Tests.xctest */,
			);
			name = Products;
			sourceTree = "<group>";
		};
		86BC16F02A0D329F00938BFC /* TDD Model Objects Lab */ = {
			isa = PBXGroup;
			children = (
				86BC17142A0D33CE00938BFC /* Person.swift */,
				86BC16F12A0D329F00938BFC /* AppDelegate.swift */,
				86BC16F32A0D329F00938BFC /* SceneDelegate.swift */,
				86BC16F52A0D329F00938BFC /* ViewController.swift */,
				86BC16F72A0D329F00938BFC /* Main.storyboard */,
				86BC16FA2A0D32A000938BFC /* Assets.xcassets */,
				86BC16FC2A0D32A000938BFC /* LaunchScreen.storyboard */,
				86BC16FF2A0D32A000938BFC /* Info.plist */,
			);
			path = "TDD Model Objects Lab";
			sourceTree = "<group>";
		};
		86BC170A2A0D32BA00938BFC /* TDD Model Objects Lab Tests */ = {
			isa = PBXGroup;
			children = (
				86BC17122A0D332200938BFC /* PersonTest.swift */,
			);
			path = "TDD Model Objects Lab Tests";
			sourceTree = "<group>";
		};
/* End PBXGroup section */

/* Begin PBXNativeTarget section */
		86BC16ED2A0D329F00938BFC /* TDD Model Objects Lab */ = {
			isa = PBXNativeTarget;
			buildConfigurationList = 86BC17022A0D32A000938BFC /* Build configuration list for PBXNativeTarget "TDD Model Objects Lab" */;
			buildPhases = (
				86BC16EA2A0D329F00938BFC /* Sources */,
				86BC16EB2A0D329F00938BFC /* Frameworks */,
				86BC16EC2A0D329F00938BFC /* Resources */,
			);
			buildRules = (
			);
			dependencies = (
			);
			name = "TDD Model Objects Lab";
			productName = "TDD Model Objects Lab";
			productReference = 86BC16EE2A0D329F00938BFC /* TDD Model Objects Lab.app */;
			productType = "com.apple.product-type.application";
		};
		86BC17082A0D32BA00938BFC /* TDD Model Objects Lab Tests */ = {
			isa = PBXNativeTarget;
			buildConfigurationList = 86BC170F2A0D32BA00938BFC /* Build configuration list for PBXNativeTarget "TDD Model Objects Lab Tests" */;
			buildPhases = (
				86BC17052A0D32BA00938BFC /* Sources */,
				86BC17062A0D32BA00938BFC /* Frameworks */,
				86BC17072A0D32BA00938BFC /* Resources */,
			);
			buildRules = (
			);
			dependencies = (
				86BC170E2A0D32BA00938BFC /* PBXTargetDependency */,
			);
			name = "TDD Model Objects Lab Tests";
			productName = "TDD Model Objects Lab Tests";
			productReference = 86BC17092A0D32BA00938BFC /* TDD Model Objects Lab Tests.xctest */;
			productType = "com.apple.product-type.bundle.unit-test";
		};
/* End PBXNativeTarget section */

/* Begin PBXProject section */
		86BC16E62A0D329F00938BFC /* Project object */ = {
			isa = PBXProject;
			attributes = {
				BuildIndependentTargetsInParallel = 1;
				LastSwiftUpdateCheck = 1430;
				LastUpgradeCheck = 1430;
				TargetAttributes = {
					86BC16ED2A0D329F00938BFC = {
						CreatedOnToolsVersion = 14.3;
					};
					86BC17082A0D32BA00938BFC = {
						CreatedOnToolsVersion = 14.3;
						LastSwiftMigration = 1430;
						TestTargetID = 86BC16ED2A0D329F00938BFC;
					};
				};
			};
			buildConfigurationList = 86BC16E92A0D329F00938BFC /* Build configuration list for PBXProject "TDD Model Objects Lab" */;
			compatibilityVersion = "Xcode 14.0";
			developmentRegion = en;
			hasScannedForEncodings = 0;
			knownRegions = (
				en,
				Base,
			);
			mainGroup = 86BC16E52A0D329F00938BFC;
			productRefGroup = 86BC16EF2A0D329F00938BFC /* Products */;
			projectDirPath = "";
			projectRoot = "";
			targets = (
				86BC16ED2A0D329F00938BFC /* TDD Model Objects Lab */,
				86BC17082A0D32BA00938BFC /* TDD Model Objects Lab Tests */,
			);
		};
/* End PBXProject section */

/* Begin PBXResourcesBuildPhase section */
		86BC16EC2A0D329F00938BFC /* Resources */ = {
			isa = PBXResourcesBuildPhase;
			buildActionMask = 2147483647;
			files = (
				86BC16FE2A0D32A000938BFC /* LaunchScreen.storyboard in Resources */,
				86BC16FB2A0D32A000938BFC /* Assets.xcassets in Resources */,
				86BC16F92A0D329F00938BFC /* Main.storyboard in Resources */,
			);
			runOnlyForDeploymentPostprocessing = 0;
		};
		86BC17072A0D32BA00938BFC /* Resources */ = {
			isa = PBXResourcesBuildPhase;
			buildActionMask = 2147483647;
			files = (
			);
			runOnlyForDeploymentPostprocessing = 0;
		};
/* End PBXResourcesBuildPhase section */

/* Begin PBXSourcesBuildPhase section */
		86BC16EA2A0D329F00938BFC /* Sources */ = {
			isa = PBXSourcesBuildPhase;
			buildActionMask = 2147483647;
			files = (
				86BC16F62A0D329F00938BFC /* ViewController.swift in Sources */,
				86BC16F22A0D329F00938BFC /* AppDelegate.swift in Sources */,
				86BC17152A0D33CE00938BFC /* Person.swift in Sources */,
				86BC16F42A0D329F00938BFC /* SceneDelegate.swift in Sources */,
			);
			runOnlyForDeploymentPostprocessing = 0;
		};
		86BC17052A0D32BA00938BFC /* Sources */ = {
			isa = PBXSourcesBuildPhase;
			buildActionMask = 2147483647;
			files = (
				86BC17132A0D332200938BFC /* PersonTest.swift in Sources */,
			);
			runOnlyForDeploymentPostprocessing = 0;
		};
/* End PBXSourcesBuildPhase section */

/* Begin PBXTargetDependency section */
		86BC170E2A0D32BA00938BFC /* PBXTargetDependency */ = {
			isa = PBXTargetDependency;
			target = 86BC16ED2A0D329F00938BFC /* TDD Model Objects Lab */;
			targetProxy = 86BC170D2A0D32BA00938BFC /* PBXContainerItemProxy */;
		};
/* End PBXTargetDependency section */

/* Begin PBXVariantGroup section */
		86BC16F72A0D329F00938BFC /* Main.storyboard */ = {
			isa = PBXVariantGroup;
			children = (
				86BC16F82A0D329F00938BFC /* Base */,
			);
			name = Main.storyboard;
			sourceTree = "<group>";
		};
		86BC16FC2A0D32A000938BFC /* LaunchScreen.storyboard */ = {
			isa = PBXVariantGroup;
			children = (
				86BC16FD2A0D32A000938BFC /* Base */,
			);
			name = LaunchScreen.storyboard;
			sourceTree = "<group>";
		};
/* End PBXVariantGroup section */

/* Begin XCBuildConfiguration section */
		86BC17002A0D32A000938BFC /* Debug */ = {
			isa = XCBuildConfiguration;
			buildSettings = {
				ALWAYS_SEARCH_USER_PATHS = NO;
				CLANG_ANALYZER_NONNULL = YES;
				CLANG_ANALYZER_NUMBER_OBJECT_CONVERSION = YES_AGGRESSIVE;
				CLANG_CXX_LANGUAGE_STANDARD = "gnu++20";
				CLANG_ENABLE_MODULES = YES;
				CLANG_ENABLE_OBJC_ARC = YES;
				CLANG_ENABLE_OBJC_WEAK = YES;
				CLANG_WARN_BLOCK_CAPTURE_AUTORELEASING = YES;
				CLANG_WARN_BOOL_CONVERSION = YES;
				CLANG_WARN_COMMA = YES;
				CLANG_WARN_CONSTANT_CONVERSION = YES;
				CLANG_WARN_DEPRECATED_OBJC_IMPLEMENTATIONS = YES;
				CLANG_WARN_DIRECT_OBJC_ISA_USAGE = YES_ERROR;
				CLANG_WARN_DOCUMENTATION_COMMENTS = YES;
				CLANG_WARN_EMPTY_BODY = YES;
				CLANG_WARN_ENUM_CONVERSION = YES;
				CLANG_WARN_INFINITE_RECURSION = YES;
				CLANG_WARN_INT_CONVERSION = YES;
				CLANG_WARN_NON_LITERAL_NULL_CONVERSION = YES;
				CLANG_WARN_OBJC_IMPLICIT_RETAIN_SELF = YES;
				CLANG_WARN_OBJC_LITERAL_CONVERSION = YES;
				CLANG_WARN_OBJC_ROOT_CLASS = YES_ERROR;
				CLANG_WARN_QUOTED_INCLUDE_IN_FRAMEWORK_HEADER = YES;
				CLANG_WARN_RANGE_LOOP_ANALYSIS = YES;
				CLANG_WARN_STRICT_PROTOTYPES = YES;
				CLANG_WARN_SUSPICIOUS_MOVE = YES;
				CLANG_WARN_UNGUARDED_AVAILABILITY = YES_AGGRESSIVE;
				CLANG_WARN_UNREACHABLE_CODE = YES;
				CLANG_WARN__DUPLICATE_METHOD_MATCH = YES;
				COPY_PHASE_STRIP = NO;
				DEBUG_INFORMATION_FORMAT = dwarf;
				ENABLE_STRICT_OBJC_MSGSEND = YES;
				ENABLE_TESTABILITY = YES;
				GCC_C_LANGUAGE_STANDARD = gnu11;
				GCC_DYNAMIC_NO_PIC = NO;
				GCC_NO_COMMON_BLOCKS = YES;
				GCC_OPTIMIZATION_LEVEL = 0;
				GCC_PREPROCESSOR_DEFINITIONS = (
					"DEBUG=1",
					"$(inherited)",
				);
				GCC_WARN_64_TO_32_BIT_CONVERSION = YES;
				GCC_WARN_ABOUT_RETURN_TYPE = YES_ERROR;
				GCC_WARN_UNDECLARED_SELECTOR = YES;
				GCC_WARN_UNINITIALIZED_AUTOS = YES_AGGRESSIVE;
				GCC_WARN_UNUSED_FUNCTION = YES;
				GCC_WARN_UNUSED_VARIABLE = YES;
				IPHONEOS_DEPLOYMENT_TARGET = 16.4;
				MTL_ENABLE_DEBUG_INFO = INCLUDE_SOURCE;
				MTL_FAST_MATH = YES;
				ONLY_ACTIVE_ARCH = YES;
				SDKROOT = iphoneos;
				SWIFT_ACTIVE_COMPILATION_CONDITIONS = DEBUG;
				SWIFT_OPTIMIZATION_LEVEL = "-Onone";
			};
			name = Debug;
		};
		86BC17012A0D32A000938BFC /* Release */ = {
			isa = XCBuildConfiguration;
			buildSettings = {
				ALWAYS_SEARCH_USER_PATHS = NO;
				CLANG_ANALYZER_NONNULL = YES;
				CLANG_ANALYZER_NUMBER_OBJECT_CONVERSION = YES_AGGRESSIVE;
				CLANG_CXX_LANGUAGE_STANDARD = "gnu++20";
				CLANG_ENABLE_MODULES = YES;
				CLANG_ENABLE_OBJC_ARC = YES;
				CLANG_ENABLE_OBJC_WEAK = YES;
				CLANG_WARN_BLOCK_CAPTURE_AUTORELEASING = YES;
				CLANG_WARN_BOOL_CONVERSION = YES;
				CLANG_WARN_COMMA = YES;
				CLANG_WARN_CONSTANT_CONVERSION = YES;
				CLANG_WARN_DEPRECATED_OBJC_IMPLEMENTATIONS = YES;
				CLANG_WARN_DIRECT_OBJC_ISA_USAGE = YES_ERROR;
				CLANG_WARN_DOCUMENTATION_COMMENTS = YES;
				CLANG_WARN_EMPTY_BODY = YES;
				CLANG_WARN_ENUM_CONVERSION = YES;
				CLANG_WARN_INFINITE_RECURSION = YES;
				CLANG_WARN_INT_CONVERSION = YES;
				CLANG_WARN_NON_LITERAL_NULL_CONVERSION = YES;
				CLANG_WARN_OBJC_IMPLICIT_RETAIN_SELF = YES;
				CLANG_WARN_OBJC_LITERAL_CONVERSION = YES;
				CLANG_WARN_OBJC_ROOT_CLASS = YES_ERROR;
				CLANG_WARN_QUOTED_INCLUDE_IN_FRAMEWORK_HEADER = YES;
				CLANG_WARN_RANGE_LOOP_ANALYSIS = YES;
				CLANG_WARN_STRICT_PROTOTYPES = YES;
				CLANG_WARN_SUSPICIOUS_MOVE = YES;
				CLANG_WARN_UNGUARDED_AVAILABILITY = YES_AGGRESSIVE;
				CLANG_WARN_UNREACHABLE_CODE = YES;
				CLANG_WARN__DUPLICATE_METHOD_MATCH = YES;
				COPY_PHASE_STRIP = NO;
				DEBUG_INFORMATION_FORMAT = "dwarf-with-dsym";
				ENABLE_NS_ASSERTIONS = NO;
				ENABLE_STRICT_OBJC_MSGSEND = YES;
				GCC_C_LANGUAGE_STANDARD = gnu11;
				GCC_NO_COMMON_BLOCKS = YES;
				GCC_WARN_64_TO_32_BIT_CONVERSION = YES;
				GCC_WARN_ABOUT_RETURN_TYPE = YES_ERROR;
				GCC_WARN_UNDECLARED_SELECTOR = YES;
				GCC_WARN_UNINITIALIZED_AUTOS = YES_AGGRESSIVE;
				GCC_WARN_UNUSED_FUNCTION = YES;
				GCC_WARN_UNUSED_VARIABLE = YES;
				IPHONEOS_DEPLOYMENT_TARGET = 16.4;
				MTL_ENABLE_DEBUG_INFO = NO;
				MTL_FAST_MATH = YES;
				SDKROOT = iphoneos;
				SWIFT_COMPILATION_MODE = wholemodule;
				SWIFT_OPTIMIZATION_LEVEL = "-O";
				VALIDATE_PRODUCT = YES;
			};
			name = Release;
		};
		86BC17032A0D32A000938BFC /* Debug */ = {
			isa = XCBuildConfiguration;
			buildSettings = {
				ASSETCATALOG_COMPILER_APPICON_NAME = AppIcon;
				ASSETCATALOG_COMPILER_GLOBAL_ACCENT_COLOR_NAME = AccentColor;
				CODE_SIGN_STYLE = Automatic;
				CURRENT_PROJECT_VERSION = 1;
				GENERATE_INFOPLIST_FILE = YES;
				INFOPLIST_FILE = "TDD Model Objects Lab/Info.plist";
				INFOPLIST_KEY_UIApplicationSupportsIndirectInputEvents = YES;
				INFOPLIST_KEY_UILaunchStoryboardName = LaunchScreen;
				INFOPLIST_KEY_UIMainStoryboardFile = Main;
				INFOPLIST_KEY_UISupportedInterfaceOrientations_iPad = "UIInterfaceOrientationPortrait UIInterfaceOrientationPortraitUpsideDown UIInterfaceOrientationLandscapeLeft UIInterfaceOrientationLandscapeRight";
				INFOPLIST_KEY_UISupportedInterfaceOrientations_iPhone = "UIInterfaceOrientationPortrait UIInterfaceOrientationLandscapeLeft UIInterfaceOrientationLandscapeRight";
				LD_RUNPATH_SEARCH_PATHS = (
					"$(inherited)",
					"@executable_path/Frameworks",
				);
				MARKETING_VERSION = 1.0;
				PRODUCT_BUNDLE_IDENTIFIER = "com.example1.TDD-Model-Objects-Lab";
				PRODUCT_NAME = "$(TARGET_NAME)";
				SWIFT_EMIT_LOC_STRINGS = YES;
				SWIFT_VERSION = 5.0;
				TARGETED_DEVICE_FAMILY = "1,2";
			};
			name = Debug;
		};
		86BC17042A0D32A000938BFC /* Release */ = {
			isa = XCBuildConfiguration;
			buildSettings = {
				ASSETCATALOG_COMPILER_APPICON_NAME = AppIcon;
				ASSETCATALOG_COMPILER_GLOBAL_ACCENT_COLOR_NAME = AccentColor;
				CODE_SIGN_STYLE = Automatic;
				CURRENT_PROJECT_VERSION = 1;
				GENERATE_INFOPLIST_FILE = YES;
				INFOPLIST_FILE = "TDD Model Objects Lab/Info.plist";
				INFOPLIST_KEY_UIApplicationSupportsIndirectInputEvents = YES;
				INFOPLIST_KEY_UILaunchStoryboardName = LaunchScreen;
				INFOPLIST_KEY_UIMainStoryboardFile = Main;
				INFOPLIST_KEY_UISupportedInterfaceOrientations_iPad = "UIInterfaceOrientationPortrait UIInterfaceOrientationPortraitUpsideDown UIInterfaceOrientationLandscapeLeft UIInterfaceOrientationLandscapeRight";
				INFOPLIST_KEY_UISupportedInterfaceOrientations_iPhone = "UIInterfaceOrientationPortrait UIInterfaceOrientationLandscapeLeft UIInterfaceOrientationLandscapeRight";
				LD_RUNPATH_SEARCH_PATHS = (
					"$(inherited)",
					"@executable_path/Frameworks",
				);
				MARKETING_VERSION = 1.0;
				PRODUCT_BUNDLE_IDENTIFIER = "com.example1.TDD-Model-Objects-Lab";
				PRODUCT_NAME = "$(TARGET_NAME)";
				SWIFT_EMIT_LOC_STRINGS = YES;
				SWIFT_VERSION = 5.0;
				TARGETED_DEVICE_FAMILY = "1,2";
			};
			name = Release;
		};
		86BC17102A0D32BA00938BFC /* Debug */ = {
			isa = XCBuildConfiguration;
			buildSettings = {
				BUNDLE_LOADER = "$(TEST_HOST)";
				CLANG_ENABLE_MODULES = YES;
				CODE_SIGN_STYLE = Automatic;
				CURRENT_PROJECT_VERSION = 1;
				GENERATE_INFOPLIST_FILE = YES;
				MARKETING_VERSION = 1.0;
				PRODUCT_BUNDLE_IDENTIFIER = "com.example1.TDD-Model-Objects-Lab-Tests";
				PRODUCT_NAME = "$(TARGET_NAME)";
				SWIFT_EMIT_LOC_STRINGS = NO;
				SWIFT_OPTIMIZATION_LEVEL = "-Onone";
				SWIFT_VERSION = 5.0;
				TARGETED_DEVICE_FAMILY = "1,2";
				TEST_HOST = "$(BUILT_PRODUCTS_DIR)/TDD Model Objects Lab.app/$(BUNDLE_EXECUTABLE_FOLDER_PATH)/TDD Model Objects Lab";
			};
			name = Debug;
		};
		86BC17112A0D32BA00938BFC /* Release */ = {
			isa = XCBuildConfiguration;
			buildSettings = {
				BUNDLE_LOADER = "$(TEST_HOST)";
				CLANG_ENABLE_MODULES = YES;
				CODE_SIGN_STYLE = Automatic;
				CURRENT_PROJECT_VERSION = 1;
				GENERATE_INFOPLIST_FILE = YES;
				MARKETING_VERSION = 1.0;
				PRODUCT_BUNDLE_IDENTIFIER = "com.example1.TDD-Model-Objects-Lab-Tests";
				PRODUCT_NAME = "$(TARGET_NAME)";
				SWIFT_EMIT_LOC_STRINGS = NO;
				SWIFT_VERSION = 5.0;
				TARGETED_DEVICE_FAMILY = "1,2";
				TEST_HOST = "$(BUILT_PRODUCTS_DIR)/TDD Model Objects Lab.app/$(BUNDLE_EXECUTABLE_FOLDER_PATH)/TDD Model Objects Lab";
			};
			name = Release;
		};
/* End XCBuildConfiguration section */

/* Begin XCConfigurationList section */
		86BC16E92A0D329F00938BFC /* Build configuration list for PBXProject "TDD Model Objects Lab" */ = {
			isa = XCConfigurationList;
			buildConfigurations = (
				86BC17002A0D32A000938BFC /* Debug */,
				86BC17012A0D32A000938BFC /* Release */,
			);
			defaultConfigurationIsVisible = 0;
			defaultConfigurationName = Release;
		};
		86BC17022A0D32A000938BFC /* Build configuration list for PBXNativeTarget "TDD Model Objects Lab" */ = {
			isa = XCConfigurationList;
			buildConfigurations = (
				86BC17032A0D32A000938BFC /* Debug */,
				86BC17042A0D32A000938BFC /* Release */,
			);
			defaultConfigurationIsVisible = 0;
			defaultConfigurationName = Release;
		};
		86BC170F2A0D32BA00938BFC /* Build configuration list for PBXNativeTarget "TDD Model Objects Lab Tests" */ = {
			isa = XCConfigurationList;
			buildConfigurations = (
				86BC17102A0D32BA00938BFC /* Debug */,
				86BC17112A0D32BA00938BFC /* Release */,
			);
			defaultConfigurationIsVisible = 0;
			defaultConfigurationName = Release;
		};
/* End XCConfigurationList section */
	};
	rootObject = 86BC16E62A0D329F00938BFC /* Project object */;
}
